
Microsoft Visual Studio Solution File, Format Version 12.00
Project("{FAE04EC0-301F-11D3-BF4B-00C04F79EFBC}") = "day6", "day6.csproj", "{AD65BB0A-F771-4A3C-96F3-59933F4F57D4}"
EndProject
Global
	GlobalSection(SolutionConfigurationPlatforms) = preSolution
		Debug|Any CPU = Debug|Any CPU
		Release|Any CPU = Release|Any CPU
	EndGlobalSection
	GlobalSection(ProjectConfigurationPlatforms) = postSolution
		{AD65BB0A-F771-4A3C-96F3-59933F4F57D4}.Debug|Any CPU.ActiveCfg = Debug|Any CPU
		{AD65BB0A-F771-4A3C-96F3-59933F4F57D4}.Debug|Any CPU.Build.0 = Debug|Any CPU
		{AD65BB0A-F771-4A3C-96F3-59933F4F57D4}.Release|Any CPU.ActiveCfg = Release|Any CPU
		{AD65BB0A-F771-4A3C-96F3-59933F4F57D4}.Release|Any CPU.Build.0 = Release|Any CPU
	EndGlobalSection
EndGlobal
